// !$*UTF8*$!
{
	archiveVersion = 1;
	classes = {
	};
	objectVersion = 50;
	objects = {

/* Begin PBXBuildFile section */
		3400D199248CE6A9009B2654 /* AppDelegate.swift in Sources */ = {isa = PBXBuildFile; fileRef = 3400D198248CE6A9009B2654 /* AppDelegate.swift */; };
		3400D19B248CE6A9009B2654 /* SceneDelegate.swift in Sources */ = {isa = PBXBuildFile; fileRef = 3400D19A248CE6A9009B2654 /* SceneDelegate.swift */; };
		3400D19D248CE6A9009B2654 /* ViewController.swift in Sources */ = {isa = PBXBuildFile; fileRef = 3400D19C248CE6A9009B2654 /* ViewController.swift */; };
		3400D1A0248CE6A9009B2654 /* Main.storyboard in Resources */ = {isa = PBXBuildFile; fileRef = 3400D19E248CE6A9009B2654 /* Main.storyboard */; };
		3400D1A2248CE6AA009B2654 /* Assets.xcassets in Resources */ = {isa = PBXBuildFile; fileRef = 3400D1A1248CE6AA009B2654 /* Assets.xcassets */; };
		3400D1A5248CE6AA009B2654 /* LaunchScreen.storyboard in Resources */ = {isa = PBXBuildFile; fileRef = 3400D1A3248CE6AA009B2654 /* LaunchScreen.storyboard */; };
		3400D1B72490DFDE009B2654 /* guGunCode.swift in Sources */ = {isa = PBXBuildFile; fileRef = 3400D1B62490DFDE009B2654 /* guGunCode.swift */; };
		3400D1B92490DFFD009B2654 /* siDoCode.swift in Sources */ = {isa = PBXBuildFile; fileRef = 3400D1B82490DFFD009B2654 /* siDoCode.swift */; };
		3400D1BB24923416009B2654 /* siDoTableViewController.swift in Sources */ = {isa = PBXBuildFile; fileRef = 3400D1BA24923416009B2654 /* siDoTableViewController.swift */; };
		3400D1BD249237D2009B2654 /* guGunTableViewController.swift in Sources */ = {isa = PBXBuildFile; fileRef = 3400D1BC249237D2009B2654 /* guGunTableViewController.swift */; };
		3400D1BF24924222009B2654 /* SchoolAccidentTableViewController.swift in Sources */ = {isa = PBXBuildFile; fileRef = 3400D1BE24924222009B2654 /* SchoolAccidentTableViewController.swift */; };
		3400D1C124925F3E009B2654 /* DetailAccidentTableViewController.swift in Sources */ = {isa = PBXBuildFile; fileRef = 3400D1C024925F3E009B2654 /* DetailAccidentTableViewController.swift */; };
		346C2962249C6AE100D86B80 /* DetailBookmarkTableViewController.swift in Sources */ = {isa = PBXBuildFile; fileRef = 346C2961249C6AE100D86B80 /* DetailBookmarkTableViewController.swift */; };
		346E5562249B283500F5E98C /* MapViewController.swift in Sources */ = {isa = PBXBuildFile; fileRef = 346E5561249B283500F5E98C /* MapViewController.swift */; };
		346E5564249B296B00F5E98C /* Spot.swift in Sources */ = {isa = PBXBuildFile; fileRef = 346E5563249B296B00F5E98C /* Spot.swift */; };
		346E5566249B942800F5E98C /* Detail_info.swift in Sources */ = {isa = PBXBuildFile; fileRef = 346E5565249B942800F5E98C /* Detail_info.swift */; };
		346E5568249B99D600F5E98C /* BookMarkTableViewController.swift in Sources */ = {isa = PBXBuildFile; fileRef = 346E5567249B99D600F5E98C /* BookMarkTableViewController.swift */; };
		A11A1A9E24926DB200BD8A3C /* SearchByguGun.swift in Sources */ = {isa = PBXBuildFile; fileRef = A11A1A9D24926DB200BD8A3C /* SearchByguGun.swift */; };
		A1EA17672490CDA20009F855 /* SearchByName.swift in Sources */ = {isa = PBXBuildFile; fileRef = A1EA17662490CDA20009F855 /* SearchByName.swift */; };
		A1FBB2B924A269E7009E8A0E /* MapView.swift in Sources */ = {isa = PBXBuildFile; fileRef = A1FBB2A724A269E6009E8A0E /* MapView.swift */; };
		A1FBB2BA24A269E7009E8A0E /* TemperatureChart.swift in Sources */ = {isa = PBXBuildFile; fileRef = A1FBB2A924A269E6009E8A0E /* TemperatureChart.swift */; };
		A1FBB2BB24A269E7009E8A0E /* PrecipitationChart.swift in Sources */ = {isa = PBXBuildFile; fileRef = A1FBB2AA24A269E6009E8A0E /* PrecipitationChart.swift */; };
		A1FBB2BC24A269E7009E8A0E /* SnowfallChart.swift in Sources */ = {isa = PBXBuildFile; fileRef = A1FBB2AB24A269E6009E8A0E /* SnowfallChart.swift */; };
		A1FBB2BD24A269E7009E8A0E /* StationInfo.swift in Sources */ = {isa = PBXBuildFile; fileRef = A1FBB2AC24A269E6009E8A0E /* StationInfo.swift */; };
		A1FBB2BE24A269E7009E8A0E /* PrecipitationTab.swift in Sources */ = {isa = PBXBuildFile; fileRef = A1FBB2AE24A269E6009E8A0E /* PrecipitationTab.swift */; };
		A1FBB2BF24A269E7009E8A0E /* SnowfallTab.swift in Sources */ = {isa = PBXBuildFile; fileRef = A1FBB2AF24A269E6009E8A0E /* SnowfallTab.swift */; };
		A1FBB2C024A269E7009E8A0E /* TemperatureTab.swift in Sources */ = {isa = PBXBuildFile; fileRef = A1FBB2B024A269E6009E8A0E /* TemperatureTab.swift */; };
		A1FBB2C124A269E7009E8A0E /* DoubleExtension.swift in Sources */ = {isa = PBXBuildFile; fileRef = A1FBB2B124A269E6009E8A0E /* DoubleExtension.swift */; };
		A1FBB2C224A269E7009E8A0E /* WeatherStation.swift in Sources */ = {isa = PBXBuildFile; fileRef = A1FBB2B324A269E7009E8A0E /* WeatherStation.swift */; };
		A1FBB2C324A269E7009E8A0E /* weather-data.csv in Resources */ = {isa = PBXBuildFile; fileRef = A1FBB2B424A269E7009E8A0E /* weather-data.csv */; };
		A1FBB2C424A269E7009E8A0E /* DayInfo.swift in Sources */ = {isa = PBXBuildFile; fileRef = A1FBB2B524A269E7009E8A0E /* DayInfo.swift */; };
		A1FBB2C524A269E7009E8A0E /* WeatherInformation.swift in Sources */ = {isa = PBXBuildFile; fileRef = A1FBB2B624A269E7009E8A0E /* WeatherInformation.swift */; };
		A1FBB2C624A269E7009E8A0E /* ContentView.swift in Sources */ = {isa = PBXBuildFile; fileRef = A1FBB2B724A269E7009E8A0E /* ContentView.swift */; };
		A1FBB2C724A269E7009E8A0E /* StationHeader.swift in Sources */ = {isa = PBXBuildFile; fileRef = A1FBB2B824A269E7009E8A0E /* StationHeader.swift */; };
		A1FBB2CB24A26F31009E8A0E /* MarkedPlaceTotalResult_ViewController.swift in Sources */ = {isa = PBXBuildFile; fileRef = A1FBB2CA24A26F31009E8A0E /* MarkedPlaceTotalResult_ViewController.swift */; };
		A1FBB2D224A32A3D009E8A0E /* ExplodeView.swift in Sources */ = {isa = PBXBuildFile; fileRef = A1FBB2D124A32A3D009E8A0E /* ExplodeView.swift */; };
		A1FBB2D424A34B75009E8A0E /* StardustView.swift in Sources */ = {isa = PBXBuildFile; fileRef = A1FBB2D324A34B75009E8A0E /* StardustView.swift */; };
/* End PBXBuildFile section */

/* Begin PBXFileReference section */
		3400D195248CE6A9009B2654 /* Drive_safety.app */ = {isa = PBXFileReference; explicitFileType = wrapper.application; includeInIndex = 0; path = Drive_safety.app; sourceTree = BUILT_PRODUCTS_DIR; };
		3400D198248CE6A9009B2654 /* AppDelegate.swift */ = {isa = PBXFileReference; lastKnownFileType = sourcecode.swift; path = AppDelegate.swift; sourceTree = "<group>"; };
		3400D19A248CE6A9009B2654 /* SceneDelegate.swift */ = {isa = PBXFileReference; lastKnownFileType = sourcecode.swift; path = SceneDelegate.swift; sourceTree = "<group>"; };
		3400D19C248CE6A9009B2654 /* ViewController.swift */ = {isa = PBXFileReference; lastKnownFileType = sourcecode.swift; path = ViewController.swift; sourceTree = "<group>"; };
		3400D19F248CE6A9009B2654 /* Base */ = {isa = PBXFileReference; lastKnownFileType = file.storyboard; name = Base; path = Base.lproj/Main.storyboard; sourceTree = "<group>"; };
		3400D1A1248CE6AA009B2654 /* Assets.xcassets */ = {isa = PBXFileReference; lastKnownFileType = folder.assetcatalog; path = Assets.xcassets; sourceTree = "<group>"; };
		3400D1A4248CE6AA009B2654 /* Base */ = {isa = PBXFileReference; lastKnownFileType = file.storyboard; name = Base; path = Base.lproj/LaunchScreen.storyboard; sourceTree = "<group>"; };
		3400D1A6248CE6AA009B2654 /* Info.plist */ = {isa = PBXFileReference; lastKnownFileType = text.plist.xml; path = Info.plist; sourceTree = "<group>"; };
		3400D1B62490DFDE009B2654 /* guGunCode.swift */ = {isa = PBXFileReference; lastKnownFileType = sourcecode.swift; path = guGunCode.swift; sourceTree = "<group>"; };
		3400D1B82490DFFD009B2654 /* siDoCode.swift */ = {isa = PBXFileReference; lastKnownFileType = sourcecode.swift; path = siDoCode.swift; sourceTree = "<group>"; };
		3400D1BA24923416009B2654 /* siDoTableViewController.swift */ = {isa = PBXFileReference; lastKnownFileType = sourcecode.swift; path = siDoTableViewController.swift; sourceTree = "<group>"; };
		3400D1BC249237D2009B2654 /* guGunTableViewController.swift */ = {isa = PBXFileReference; lastKnownFileType = sourcecode.swift; path = guGunTableViewController.swift; sourceTree = "<group>"; };
		3400D1BE24924222009B2654 /* SchoolAccidentTableViewController.swift */ = {isa = PBXFileReference; lastKnownFileType = sourcecode.swift; path = SchoolAccidentTableViewController.swift; sourceTree = "<group>"; };
		3400D1C024925F3E009B2654 /* DetailAccidentTableViewController.swift */ = {isa = PBXFileReference; lastKnownFileType = sourcecode.swift; path = DetailAccidentTableViewController.swift; sourceTree = "<group>"; };
		346C2961249C6AE100D86B80 /* DetailBookmarkTableViewController.swift */ = {isa = PBXFileReference; lastKnownFileType = sourcecode.swift; path = DetailBookmarkTableViewController.swift; sourceTree = "<group>"; };
		346E5561249B283500F5E98C /* MapViewController.swift */ = {isa = PBXFileReference; lastKnownFileType = sourcecode.swift; path = MapViewController.swift; sourceTree = "<group>"; };
		346E5563249B296B00F5E98C /* Spot.swift */ = {isa = PBXFileReference; lastKnownFileType = sourcecode.swift; path = Spot.swift; sourceTree = "<group>"; };
		346E5565249B942800F5E98C /* Detail_info.swift */ = {isa = PBXFileReference; lastKnownFileType = sourcecode.swift; path = Detail_info.swift; sourceTree = "<group>"; };
		346E5567249B99D600F5E98C /* BookMarkTableViewController.swift */ = {isa = PBXFileReference; lastKnownFileType = sourcecode.swift; path = BookMarkTableViewController.swift; sourceTree = "<group>"; };
		A11A1A9D24926DB200BD8A3C /* SearchByguGun.swift */ = {isa = PBXFileReference; lastKnownFileType = sourcecode.swift; path = SearchByguGun.swift; sourceTree = "<group>"; };
		A1EA17662490CDA20009F855 /* SearchByName.swift */ = {isa = PBXFileReference; lastKnownFileType = sourcecode.swift; path = SearchByName.swift; sourceTree = "<group>"; };
		A1FBB2A724A269E6009E8A0E /* MapView.swift */ = {isa = PBXFileReference; fileEncoding = 4; lastKnownFileType = sourcecode.swift; path = MapView.swift; sourceTree = "<group>"; };
		A1FBB2A924A269E6009E8A0E /* TemperatureChart.swift */ = {isa = PBXFileReference; fileEncoding = 4; lastKnownFileType = sourcecode.swift; path = TemperatureChart.swift; sourceTree = "<group>"; };
		A1FBB2AA24A269E6009E8A0E /* PrecipitationChart.swift */ = {isa = PBXFileReference; fileEncoding = 4; lastKnownFileType = sourcecode.swift; path = PrecipitationChart.swift; sourceTree = "<group>"; };
		A1FBB2AB24A269E6009E8A0E /* SnowfallChart.swift */ = {isa = PBXFileReference; fileEncoding = 4; lastKnownFileType = sourcecode.swift; path = SnowfallChart.swift; sourceTree = "<group>"; };
		A1FBB2AC24A269E6009E8A0E /* StationInfo.swift */ = {isa = PBXFileReference; fileEncoding = 4; lastKnownFileType = sourcecode.swift; path = StationInfo.swift; sourceTree = "<group>"; };
		A1FBB2AE24A269E6009E8A0E /* PrecipitationTab.swift */ = {isa = PBXFileReference; fileEncoding = 4; lastKnownFileType = sourcecode.swift; path = PrecipitationTab.swift; sourceTree = "<group>"; };
		A1FBB2AF24A269E6009E8A0E /* SnowfallTab.swift */ = {isa = PBXFileReference; fileEncoding = 4; lastKnownFileType = sourcecode.swift; path = SnowfallTab.swift; sourceTree = "<group>"; };
		A1FBB2B024A269E6009E8A0E /* TemperatureTab.swift */ = {isa = PBXFileReference; fileEncoding = 4; lastKnownFileType = sourcecode.swift; path = TemperatureTab.swift; sourceTree = "<group>"; };
		A1FBB2B124A269E6009E8A0E /* DoubleExtension.swift */ = {isa = PBXFileReference; fileEncoding = 4; lastKnownFileType = sourcecode.swift; path = DoubleExtension.swift; sourceTree = "<group>"; };
		A1FBB2B324A269E7009E8A0E /* WeatherStation.swift */ = {isa = PBXFileReference; fileEncoding = 4; lastKnownFileType = sourcecode.swift; path = WeatherStation.swift; sourceTree = "<group>"; };
		A1FBB2B424A269E7009E8A0E /* weather-data.csv */ = {isa = PBXFileReference; fileEncoding = 4; lastKnownFileType = text; path = "weather-data.csv"; sourceTree = "<group>"; };
		A1FBB2B524A269E7009E8A0E /* DayInfo.swift */ = {isa = PBXFileReference; fileEncoding = 4; lastKnownFileType = sourcecode.swift; path = DayInfo.swift; sourceTree = "<group>"; };
		A1FBB2B624A269E7009E8A0E /* WeatherInformation.swift */ = {isa = PBXFileReference; fileEncoding = 4; lastKnownFileType = sourcecode.swift; path = WeatherInformation.swift; sourceTree = "<group>"; };
		A1FBB2B724A269E7009E8A0E /* ContentView.swift */ = {isa = PBXFileReference; fileEncoding = 4; lastKnownFileType = sourcecode.swift; path = ContentView.swift; sourceTree = "<group>"; };
		A1FBB2B824A269E7009E8A0E /* StationHeader.swift */ = {isa = PBXFileReference; fileEncoding = 4; lastKnownFileType = sourcecode.swift; path = StationHeader.swift; sourceTree = "<group>"; };
		A1FBB2CA24A26F31009E8A0E /* MarkedPlaceTotalResult_ViewController.swift */ = {isa = PBXFileReference; fileEncoding = 4; lastKnownFileType = sourcecode.swift; path = MarkedPlaceTotalResult_ViewController.swift; sourceTree = "<group>"; };
		A1FBB2D124A32A3D009E8A0E /* ExplodeView.swift */ = {isa = PBXFileReference; fileEncoding = 4; lastKnownFileType = sourcecode.swift; name = ExplodeView.swift; path = "../../../../Downloads/Anagrams Part3 Finished/Anagrams/ExplodeView.swift"; sourceTree = "<group>"; };
		A1FBB2D324A34B75009E8A0E /* StardustView.swift */ = {isa = PBXFileReference; fileEncoding = 4; lastKnownFileType = sourcecode.swift; name = StardustView.swift; path = "../../../../Downloads/Anagrams Part3 Finished/Anagrams/StardustView.swift"; sourceTree = "<group>"; };
/* End PBXFileReference section */

/* Begin PBXFrameworksBuildPhase section */
		3400D192248CE6A9009B2654 /* Frameworks */ = {
			isa = PBXFrameworksBuildPhase;
			buildActionMask = 2147483647;
			files = (
			);
			runOnlyForDeploymentPostprocessing = 0;
		};
/* End PBXFrameworksBuildPhase section */

/* Begin PBXGroup section */
		3400D18C248CE6A9009B2654 = {
			isa = PBXGroup;
			children = (
				3400D197248CE6A9009B2654 /* Drive_safety */,
				3400D196248CE6A9009B2654 /* Products */,
			);
			sourceTree = "<group>";
		};
		3400D196248CE6A9009B2654 /* Products */ = {
			isa = PBXGroup;
			children = (
				3400D195248CE6A9009B2654 /* Drive_safety.app */,
			);
			name = Products;
			sourceTree = "<group>";
		};
		3400D197248CE6A9009B2654 /* Drive_safety */ = {
			isa = PBXGroup;
			children = (
				A1FBB2A824A269E6009E8A0E /* Charts */,
				A1FBB2B724A269E7009E8A0E /* ContentView.swift */,
				A1FBB2B124A269E6009E8A0E /* DoubleExtension.swift */,
				A1FBB2A724A269E6009E8A0E /* MapView.swift */,
				A1FBB2B224A269E7009E8A0E /* Models */,
				A1FBB2B824A269E7009E8A0E /* StationHeader.swift */,
				A1FBB2AC24A269E6009E8A0E /* StationInfo.swift */,
				A1FBB2AD24A269E6009E8A0E /* Tabs */,
				3400D198248CE6A9009B2654 /* AppDelegate.swift */,
				3400D19A248CE6A9009B2654 /* SceneDelegate.swift */,
				3400D19C248CE6A9009B2654 /* ViewController.swift */,
				3400D19E248CE6A9009B2654 /* Main.storyboard */,
				3400D1A1248CE6AA009B2654 /* Assets.xcassets */,
				3400D1A3248CE6AA009B2654 /* LaunchScreen.storyboard */,
				3400D1A6248CE6AA009B2654 /* Info.plist */,
				3400D1B82490DFFD009B2654 /* siDoCode.swift */,
				3400D1B62490DFDE009B2654 /* guGunCode.swift */,
				A1EA17662490CDA20009F855 /* SearchByName.swift */,
				A11A1A9D24926DB200BD8A3C /* SearchByguGun.swift */,
				3400D1BA24923416009B2654 /* siDoTableViewController.swift */,
				3400D1BC249237D2009B2654 /* guGunTableViewController.swift */,
				3400D1BE24924222009B2654 /* SchoolAccidentTableViewController.swift */,
				3400D1C024925F3E009B2654 /* DetailAccidentTableViewController.swift */,
				346E5561249B283500F5E98C /* MapViewController.swift */,
				346E5563249B296B00F5E98C /* Spot.swift */,
				346E5565249B942800F5E98C /* Detail_info.swift */,
				346E5567249B99D600F5E98C /* BookMarkTableViewController.swift */,
				346C2961249C6AE100D86B80 /* DetailBookmarkTableViewController.swift */,
				A1FBB2CA24A26F31009E8A0E /* MarkedPlaceTotalResult_ViewController.swift */,
				A1FBB2D124A32A3D009E8A0E /* ExplodeView.swift */,
				A1FBB2D324A34B75009E8A0E /* StardustView.swift */,
			);
			path = Drive_safety;
			sourceTree = "<group>";
		};
		A1FBB2A824A269E6009E8A0E /* Charts */ = {
			isa = PBXGroup;
			children = (
				A1FBB2A924A269E6009E8A0E /* TemperatureChart.swift */,
				A1FBB2AA24A269E6009E8A0E /* PrecipitationChart.swift */,
				A1FBB2AB24A269E6009E8A0E /* SnowfallChart.swift */,
			);
			path = Charts;
			sourceTree = "<group>";
		};
		A1FBB2AD24A269E6009E8A0E /* Tabs */ = {
			isa = PBXGroup;
			children = (
				A1FBB2AE24A269E6009E8A0E /* PrecipitationTab.swift */,
				A1FBB2AF24A269E6009E8A0E /* SnowfallTab.swift */,
				A1FBB2B024A269E6009E8A0E /* TemperatureTab.swift */,
			);
			path = Tabs;
			sourceTree = "<group>";
		};
		A1FBB2B224A269E7009E8A0E /* Models */ = {
			isa = PBXGroup;
			children = (
				A1FBB2B324A269E7009E8A0E /* WeatherStation.swift */,
				A1FBB2B424A269E7009E8A0E /* weather-data.csv */,
				A1FBB2B524A269E7009E8A0E /* DayInfo.swift */,
				A1FBB2B624A269E7009E8A0E /* WeatherInformation.swift */,
			);
			path = Models;
			sourceTree = "<group>";
		};
/* End PBXGroup section */

/* Begin PBXNativeTarget section */
		3400D194248CE6A9009B2654 /* Drive_safety */ = {
			isa = PBXNativeTarget;
			buildConfigurationList = 3400D1A9248CE6AA009B2654 /* Build configuration list for PBXNativeTarget "Drive_safety" */;
			buildPhases = (
				3400D191248CE6A9009B2654 /* Sources */,
				3400D192248CE6A9009B2654 /* Frameworks */,
				3400D193248CE6A9009B2654 /* Resources */,
			);
			buildRules = (
			);
			dependencies = (
			);
			name = Drive_safety;
			productName = Drive_safety;
			productReference = 3400D195248CE6A9009B2654 /* Drive_safety.app */;
			productType = "com.apple.product-type.application";
		};
/* End PBXNativeTarget section */

/* Begin PBXProject section */
		3400D18D248CE6A9009B2654 /* Project object */ = {
			isa = PBXProject;
			attributes = {
				LastSwiftUpdateCheck = 1140;
				LastUpgradeCheck = 1140;
				ORGANIZATIONNAME = Game;
				TargetAttributes = {
					3400D194248CE6A9009B2654 = {
						CreatedOnToolsVersion = 11.4;
					};
				};
			};
			buildConfigurationList = 3400D190248CE6A9009B2654 /* Build configuration list for PBXProject "Drive_safety" */;
			compatibilityVersion = "Xcode 9.3";
			developmentRegion = en;
			hasScannedForEncodings = 0;
			knownRegions = (
				en,
				Base,
			);
			mainGroup = 3400D18C248CE6A9009B2654;
			productRefGroup = 3400D196248CE6A9009B2654 /* Products */;
			projectDirPath = "";
			projectRoot = "";
			targets = (
				3400D194248CE6A9009B2654 /* Drive_safety */,
			);
		};
/* End PBXProject section */

/* Begin PBXResourcesBuildPhase section */
		3400D193248CE6A9009B2654 /* Resources */ = {
			isa = PBXResourcesBuildPhase;
			buildActionMask = 2147483647;
			files = (
				3400D1A5248CE6AA009B2654 /* LaunchScreen.storyboard in Resources */,
				A1FBB2C324A269E7009E8A0E /* weather-data.csv in Resources */,
				3400D1A2248CE6AA009B2654 /* Assets.xcassets in Resources */,
				3400D1A0248CE6A9009B2654 /* Main.storyboard in Resources */,
			);
			runOnlyForDeploymentPostprocessing = 0;
		};
/* End PBXResourcesBuildPhase section */

/* Begin PBXSourcesBuildPhase section */
		3400D191248CE6A9009B2654 /* Sources */ = {
			isa = PBXSourcesBuildPhase;
			buildActionMask = 2147483647;
			files = (
				A1FBB2CB24A26F31009E8A0E /* MarkedPlaceTotalResult_ViewController.swift in Sources */,
				3400D1BD249237D2009B2654 /* guGunTableViewController.swift in Sources */,
				A1EA17672490CDA20009F855 /* SearchByName.swift in Sources */,
				346C2962249C6AE100D86B80 /* DetailBookmarkTableViewController.swift in Sources */,
				346E5566249B942800F5E98C /* Detail_info.swift in Sources */,
				3400D1BF24924222009B2654 /* SchoolAccidentTableViewController.swift in Sources */,
				A1FBB2C124A269E7009E8A0E /* DoubleExtension.swift in Sources */,
				A11A1A9E24926DB200BD8A3C /* SearchByguGun.swift in Sources */,
				3400D1B72490DFDE009B2654 /* guGunCode.swift in Sources */,
				A1FBB2BE24A269E7009E8A0E /* PrecipitationTab.swift in Sources */,
				A1FBB2C524A269E7009E8A0E /* WeatherInformation.swift in Sources */,
				A1FBB2BB24A269E7009E8A0E /* PrecipitationChart.swift in Sources */,
				A1FBB2C724A269E7009E8A0E /* StationHeader.swift in Sources */,
				3400D19D248CE6A9009B2654 /* ViewController.swift in Sources */,
				3400D199248CE6A9009B2654 /* AppDelegate.swift in Sources */,
				A1FBB2BC24A269E7009E8A0E /* SnowfallChart.swift in Sources */,
				A1FBB2C224A269E7009E8A0E /* WeatherStation.swift in Sources */,
				A1FBB2C024A269E7009E8A0E /* TemperatureTab.swift in Sources */,
				A1FBB2BA24A269E7009E8A0E /* TemperatureChart.swift in Sources */,
				A1FBB2B924A269E7009E8A0E /* MapView.swift in Sources */,
				A1FBB2D424A34B75009E8A0E /* StardustView.swift in Sources */,
				346E5562249B283500F5E98C /* MapViewController.swift in Sources */,
				3400D1B92490DFFD009B2654 /* siDoCode.swift in Sources */,
				A1FBB2BF24A269E7009E8A0E /* SnowfallTab.swift in Sources */,
				346E5568249B99D600F5E98C /* BookMarkTableViewController.swift in Sources */,
				A1FBB2D224A32A3D009E8A0E /* ExplodeView.swift in Sources */,
				A1FBB2C424A269E7009E8A0E /* DayInfo.swift in Sources */,
				3400D1BB24923416009B2654 /* siDoTableViewController.swift in Sources */,
				A1FBB2BD24A269E7009E8A0E /* StationInfo.swift in Sources */,
				346E5564249B296B00F5E98C /* Spot.swift in Sources */,
				A1FBB2C624A269E7009E8A0E /* ContentView.swift in Sources */,
				3400D19B248CE6A9009B2654 /* SceneDelegate.swift in Sources */,
				3400D1C124925F3E009B2654 /* DetailAccidentTableViewController.swift in Sources */,
			);
			runOnlyForDeploymentPostprocessing = 0;
		};
/* End PBXSourcesBuildPhase section */

/* Begin PBXVariantGroup section */
		3400D19E248CE6A9009B2654 /* Main.storyboard */ = {
			isa = PBXVariantGroup;
			children = (
				3400D19F248CE6A9009B2654 /* Base */,
			);
			name = Main.storyboard;
			sourceTree = "<group>";
		};
		3400D1A3248CE6AA009B2654 /* LaunchScreen.storyboard */ = {
			isa = PBXVariantGroup;
			children = (
				3400D1A4248CE6AA009B2654 /* Base */,
			);
			name = LaunchScreen.storyboard;
			sourceTree = "<group>";
		};
/* End PBXVariantGroup section */

/* Begin XCBuildConfiguration section */
		3400D1A7248CE6AA009B2654 /* Debug */ = {
			isa = XCBuildConfiguration;
			buildSettings = {
				ALWAYS_SEARCH_USER_PATHS = NO;
				CLANG_ANALYZER_NONNULL = YES;
				CLANG_ANALYZER_NUMBER_OBJECT_CONVERSION = YES_AGGRESSIVE;
				CLANG_CXX_LANGUAGE_STANDARD = "gnu++14";
				CLANG_CXX_LIBRARY = "libc++";
				CLANG_ENABLE_MODULES = YES;
				CLANG_ENABLE_OBJC_ARC = YES;
				CLANG_ENABLE_OBJC_WEAK = YES;
				CLANG_WARN_BLOCK_CAPTURE_AUTORELEASING = YES;
				CLANG_WARN_BOOL_CONVERSION = YES;
				CLANG_WARN_COMMA = YES;
				CLANG_WARN_CONSTANT_CONVERSION = YES;
				CLANG_WARN_DEPRECATED_OBJC_IMPLEMENTATIONS = YES;
				CLANG_WARN_DIRECT_OBJC_ISA_USAGE = YES_ERROR;
				CLANG_WARN_DOCUMENTATION_COMMENTS = YES;
				CLANG_WARN_EMPTY_BODY = YES;
				CLANG_WARN_ENUM_CONVERSION = YES;
				CLANG_WARN_INFINITE_RECURSION = YES;
				CLANG_WARN_INT_CONVERSION = YES;
				CLANG_WARN_NON_LITERAL_NULL_CONVERSION = YES;
				CLANG_WARN_OBJC_IMPLICIT_RETAIN_SELF = YES;
				CLANG_WARN_OBJC_LITERAL_CONVERSION = YES;
				CLANG_WARN_OBJC_ROOT_CLASS = YES_ERROR;
				CLANG_WARN_RANGE_LOOP_ANALYSIS = YES;
				CLANG_WARN_STRICT_PROTOTYPES = YES;
				CLANG_WARN_SUSPICIOUS_MOVE = YES;
				CLANG_WARN_UNGUARDED_AVAILABILITY = YES_AGGRESSIVE;
				CLANG_WARN_UNREACHABLE_CODE = YES;
				CLANG_WARN__DUPLICATE_METHOD_MATCH = YES;
				COPY_PHASE_STRIP = NO;
				DEBUG_INFORMATION_FORMAT = dwarf;
				ENABLE_STRICT_OBJC_MSGSEND = YES;
				ENABLE_TESTABILITY = YES;
				GCC_C_LANGUAGE_STANDARD = gnu11;
				GCC_DYNAMIC_NO_PIC = NO;
				GCC_NO_COMMON_BLOCKS = YES;
				GCC_OPTIMIZATION_LEVEL = 0;
				GCC_PREPROCESSOR_DEFINITIONS = (
					"DEBUG=1",
					"$(inherited)",
				);
				GCC_WARN_64_TO_32_BIT_CONVERSION = YES;
				GCC_WARN_ABOUT_RETURN_TYPE = YES_ERROR;
				GCC_WARN_UNDECLARED_SELECTOR = YES;
				GCC_WARN_UNINITIALIZED_AUTOS = YES_AGGRESSIVE;
				GCC_WARN_UNUSED_FUNCTION = YES;
				GCC_WARN_UNUSED_VARIABLE = YES;
				IPHONEOS_DEPLOYMENT_TARGET = 13.4;
				MTL_ENABLE_DEBUG_INFO = INCLUDE_SOURCE;
				MTL_FAST_MATH = YES;
				ONLY_ACTIVE_ARCH = YES;
				SDKROOT = iphoneos;
				SWIFT_ACTIVE_COMPILATION_CONDITIONS = DEBUG;
				SWIFT_OPTIMIZATION_LEVEL = "-Onone";
			};
			name = Debug;
		};
		3400D1A8248CE6AA009B2654 /* Release */ = {
			isa = XCBuildConfiguration;
			buildSettings = {
				ALWAYS_SEARCH_USER_PATHS = NO;
				CLANG_ANALYZER_NONNULL = YES;
				CLANG_ANALYZER_NUMBER_OBJECT_CONVERSION = YES_AGGRESSIVE;
				CLANG_CXX_LANGUAGE_STANDARD = "gnu++14";
				CLANG_CXX_LIBRARY = "libc++";
				CLANG_ENABLE_MODULES = YES;
				CLANG_ENABLE_OBJC_ARC = YES;
				CLANG_ENABLE_OBJC_WEAK = YES;
				CLANG_WARN_BLOCK_CAPTURE_AUTORELEASING = YES;
				CLANG_WARN_BOOL_CONVERSION = YES;
				CLANG_WARN_COMMA = YES;
				CLANG_WARN_CONSTANT_CONVERSION = YES;
				CLANG_WARN_DEPRECATED_OBJC_IMPLEMENTATIONS = YES;
				CLANG_WARN_DIRECT_OBJC_ISA_USAGE = YES_ERROR;
				CLANG_WARN_DOCUMENTATION_COMMENTS = YES;
				CLANG_WARN_EMPTY_BODY = YES;
				CLANG_WARN_ENUM_CONVERSION = YES;
				CLANG_WARN_INFINITE_RECURSION = YES;
				CLANG_WARN_INT_CONVERSION = YES;
				CLANG_WARN_NON_LITERAL_NULL_CONVERSION = YES;
				CLANG_WARN_OBJC_IMPLICIT_RETAIN_SELF = YES;
				CLANG_WARN_OBJC_LITERAL_CONVERSION = YES;
				CLANG_WARN_OBJC_ROOT_CLASS = YES_ERROR;
				CLANG_WARN_RANGE_LOOP_ANALYSIS = YES;
				CLANG_WARN_STRICT_PROTOTYPES = YES;
				CLANG_WARN_SUSPICIOUS_MOVE = YES;
				CLANG_WARN_UNGUARDED_AVAILABILITY = YES_AGGRESSIVE;
				CLANG_WARN_UNREACHABLE_CODE = YES;
				CLANG_WARN__DUPLICATE_METHOD_MATCH = YES;
				COPY_PHASE_STRIP = NO;
				DEBUG_INFORMATION_FORMAT = "dwarf-with-dsym";
				ENABLE_NS_ASSERTIONS = NO;
				ENABLE_STRICT_OBJC_MSGSEND = YES;
				GCC_C_LANGUAGE_STANDARD = gnu11;
				GCC_NO_COMMON_BLOCKS = YES;
				GCC_WARN_64_TO_32_BIT_CONVERSION = YES;
				GCC_WARN_ABOUT_RETURN_TYPE = YES_ERROR;
				GCC_WARN_UNDECLARED_SELECTOR = YES;
				GCC_WARN_UNINITIALIZED_AUTOS = YES_AGGRESSIVE;
				GCC_WARN_UNUSED_FUNCTION = YES;
				GCC_WARN_UNUSED_VARIABLE = YES;
				IPHONEOS_DEPLOYMENT_TARGET = 13.4;
				MTL_ENABLE_DEBUG_INFO = NO;
				MTL_FAST_MATH = YES;
				SDKROOT = iphoneos;
				SWIFT_COMPILATION_MODE = wholemodule;
				SWIFT_OPTIMIZATION_LEVEL = "-O";
				VALIDATE_PRODUCT = YES;
			};
			name = Release;
		};
		3400D1AA248CE6AA009B2654 /* Debug */ = {
			isa = XCBuildConfiguration;
			buildSettings = {
				ASSETCATALOG_COMPILER_APPICON_NAME = AppIcon;
				CODE_SIGN_STYLE = Automatic;
				DEVELOPMENT_TEAM = TK3QVXLXMN;
				INFOPLIST_FILE = Drive_safety/Info.plist;
				LD_RUNPATH_SEARCH_PATHS = (
					"$(inherited)",
					"@executable_path/Frameworks",
				);
				PRODUCT_BUNDLE_IDENTIFIER = "gyeongseop.2020class.Drive-safety";
				PRODUCT_NAME = "$(TARGET_NAME)";
				SWIFT_VERSION = 5.0;
				TARGETED_DEVICE_FAMILY = "1,2";
			};
			name = Debug;
		};
		3400D1AB248CE6AA009B2654 /* Release */ = {
			isa = XCBuildConfiguration;
			buildSettings = {
				ASSETCATALOG_COMPILER_APPICON_NAME = AppIcon;
				CODE_SIGN_STYLE = Automatic;
				DEVELOPMENT_TEAM = TK3QVXLXMN;
				INFOPLIST_FILE = Drive_safety/Info.plist;
				LD_RUNPATH_SEARCH_PATHS = (
					"$(inherited)",
					"@executable_path/Frameworks",
				);
				PRODUCT_BUNDLE_IDENTIFIER = "gyeongseop.2020class.Drive-safety";
				PRODUCT_NAME = "$(TARGET_NAME)";
				SWIFT_VERSION = 5.0;
				TARGETED_DEVICE_FAMILY = "1,2";
			};
			name = Release;
		};
/* End XCBuildConfiguration section */

/* Begin XCConfigurationList section */
		3400D190248CE6A9009B2654 /* Build configuration list for PBXProject "Drive_safety" */ = {
			isa = XCConfigurationList;
			buildConfigurations = (
				3400D1A7248CE6AA009B2654 /* Debug */,
				3400D1A8248CE6AA009B2654 /* Release */,
			);
			defaultConfigurationIsVisible = 0;
			defaultConfigurationName = Release;
		};
		3400D1A9248CE6AA009B2654 /* Build configuration list for PBXNativeTarget "Drive_safety" */ = {
			isa = XCConfigurationList;
			buildConfigurations = (
				3400D1AA248CE6AA009B2654 /* Debug */,
				3400D1AB248CE6AA009B2654 /* Release */,
			);
			defaultConfigurationIsVisible = 0;
			defaultConfigurationName = Release;
		};
/* End XCConfigurationList section */
	};
	rootObject = 3400D18D248CE6A9009B2654 /* Project object */;
}
